
Microsoft Visual Studio Solution File, Format Version 12.00
# Visual Studio Version 17
VisualStudioVersion = 17.8.34330.188
MinimumVisualStudioVersion = 10.0.40219.1
Project("{FAE04EC0-301F-11D3-BF4B-00C04F79EFBC}") = "ExperimentWithControls", "ExperimentWithControls\ExperimentWithControls.csproj", "{2004BCA7-7027-4612-BD0A-3C852DEEC492}"
EndProject
Global
	GlobalSection(SolutionConfigurationPlatforms) = preSolution
		Debug|Any CPU = Debug|Any CPU
		Release|Any CPU = Release|Any CPU
	EndGlobalSection
	GlobalSection(ProjectConfigurationPlatforms) = postSolution
		{2004BCA7-7027-4612-BD0A-3C852DEEC492}.Debug|Any CPU.ActiveCfg = Debug|Any CPU
		{2004BCA7-7027-4612-BD0A-3C852DEEC492}.Debug|Any CPU.Build.0 = Debug|Any CPU
		{2004BCA7-7027-4612-BD0A-3C852DEEC492}.Release|Any CPU.ActiveCfg = Release|Any CPU
		{2004BCA7-7027-4612-BD0A-3C852DEEC492}.Release|Any CPU.Build.0 = Release|Any CPU
	EndGlobalSection
	GlobalSection(SolutionProperties) = preSolution
		HideSolutionNode = FALSE
	EndGlobalSection
	GlobalSection(ExtensibilityGlobals) = postSolution
		SolutionGuid = {D98E7A79-039C-4F9E-8C23-0EB633140104}
	EndGlobalSection
EndGlobal
